
Microsoft Visual Studio Solution File, Format Version 12.00
# Visual Studio Version 17
VisualStudioVersion = 17.11.35219.272
MinimumVisualStudioVersion = 10.0.40219.1
Project("{2150E333-8FDC-42A3-9474-1A3956D46DE8}") = "Backend", "Backend", "{F6E042EC-57CE-439A-A66B-A31AA598CAB8}"
EndProject
Project("{FAE04EC0-301F-11D3-BF4B-00C04F79EFBC}") = "AcexxII.API", "Backend\AcexxII.API\AcexxII.API.csproj", "{8BDFB54F-2FDE-48F5-B588-48B6A74516FA}"
EndProject
Global
	GlobalSection(SolutionConfigurationPlatforms) = preSolution
		Debug|Any CPU = Debug|Any CPU
		Release|Any CPU = Release|Any CPU
	EndGlobalSection
	GlobalSection(ProjectConfigurationPlatforms) = postSolution
		{8BDFB54F-2FDE-48F5-B588-48B6A74516FA}.Debug|Any CPU.ActiveCfg = Debug|Any CPU
		{8BDFB54F-2FDE-48F5-B588-48B6A74516FA}.Debug|Any CPU.Build.0 = Debug|Any CPU
		{8BDFB54F-2FDE-48F5-B588-48B6A74516FA}.Release|Any CPU.ActiveCfg = Release|Any CPU
		{8BDFB54F-2FDE-48F5-B588-48B6A74516FA}.Release|Any CPU.Build.0 = Release|Any CPU
	EndGlobalSection
	GlobalSection(SolutionProperties) = preSolution
		HideSolutionNode = FALSE
	EndGlobalSection
	GlobalSection(NestedProjects) = preSolution
		{8BDFB54F-2FDE-48F5-B588-48B6A74516FA} = {F6E042EC-57CE-439A-A66B-A31AA598CAB8}
	EndGlobalSection
	GlobalSection(ExtensibilityGlobals) = postSolution
		SolutionGuid = {7E4F314B-C66A-4C14-A6EF-8BC647B00613}
	EndGlobalSection
EndGlobal
